{
  "lockfile_version": "1",
  "packages": {
    "github:NixOS/nixpkgs/nixpkgs-unstable": {
      "last_modified": "2025-11-03T07:53:02Z",
      "resolved": "github:NixOS/nixpkgs/7241bcbb4f099a66aafca120d37c65e8dda32717?lastModified=1762156382&narHash=sha256-Yg7Ag7ov5%2B36jEFC1DaZh%2F12SEXo6OO3%2F8rqADRxiqs%3D"
    },
    "nodejs@22.14.0": {
      "last_modified": "2025-05-31T03:30:20Z",
      "plugin_version": "0.0.2",
      "resolved": "github:NixOS/nixpkgs/59138c7667b7970d205d6a05a8bfa2d78caa3643#nodejs_22",
      "source": "devbox-search",
      "version": "22.14.0",
      "systems": {
        "aarch64-darwin": {
          "outputs": [
            {
              "name": "out",
              "path": "/nix/store/g5bv4gi6p7ryhs2hbaryxs6ivsxa6lqc-nodejs-22.14.0",
              "default": true
            },
            {
              "name": "dev",
              "path": "/nix/store/96vpirdcns8zxdwzwl7n804012lwrf1n-nodejs-22.14.0-dev"
            },
            {
              "name": "libv8",
              "path": "/nix/store/xph2837xqjnra80mqlk64xp7vb3kkqxs-nodejs-22.14.0-libv8"
            }
          ],
          "store_path": "/nix/store/g5bv4gi6p7ryhs2hbaryxs6ivsxa6lqc-nodejs-22.14.0"
        },
        "aarch64-linux": {
          "outputs": [
            {
              "name": "out",
              "path": "/nix/store/cwb781xbp70f72njqh8vhvbsf1xq87i5-nodejs-22.14.0",
              "default": true
            },
            {
              "name": "dev",
              "path": "/nix/store/0w5mql46am2qai707a42q983l44l1h9z-nodejs-22.14.0-dev"
            },
            {
              "name": "libv8",
              "path": "/nix/store/vy56lahz381ayvw3hym3wj4r4ggv7gbk-nodejs-22.14.0-libv8"
            }
          ],
          "store_path": "/nix/store/cwb781xbp70f72njqh8vhvbsf1xq87i5-nodejs-22.14.0"
        },
        "x86_64-darwin": {
          "outputs": [
            {
              "name": "out",
              "path": "/nix/store/086zjv14ipka2vbpgwil3xyvi5ml4vh3-nodejs-22.14.0",
              "default": true
            },
            {
              "name": "dev",
              "path": "/nix/store/24n01nfvy908pwzwpgsl0k4227187i7i-nodejs-22.14.0-dev"
            },
            {
              "name": "libv8",
              "path": "/nix/store/jiwk0in1wk85crn9vp03gg937gbh1s0w-nodejs-22.14.0-libv8"
            }
          ],
          "store_path": "/nix/store/086zjv14ipka2vbpgwil3xyvi5ml4vh3-nodejs-22.14.0"
        },
        "x86_64-linux": {
          "outputs": [
            {
              "name": "out",
              "path": "/nix/store/c8jxsih8yy2rnncdmx2hyraizf689nvp-nodejs-22.14.0",
              "default": true
            },
            {
              "name": "libv8",
              "path": "/nix/store/s8gnrgh9hgnbkrc1wrn21d6zvkbvm9vi-nodejs-22.14.0-libv8"
            },
            {
              "name": "dev",
              "path": "/nix/store/xw8c1c0inxq3xl1d7axz19vq8c05kjk5-nodejs-22.14.0-dev"
            }
          ],
          "store_path": "/nix/store/c8jxsih8yy2rnncdmx2hyraizf689nvp-nodejs-22.14.0"
        }
      }
    },
    "python311Packages.pip@latest": {
      "last_modified": "2024-12-03T12:40:06Z",
      "resolved": "github:NixOS/nixpkgs/566e53c2ad750c84f6d31f9ccb9d00f823165550#python311Packages.pip",
      "source": "devbox-search",
      "version": "24.0",
      "systems": {
        "aarch64-darwin": {
          "outputs": [
            {
              "name": "out",
              "path": "/nix/store/4rlmzs8imw8cnm7zxmb40qcg5zfilywm-python3.11-pip-24.0",
              "default": true
            },
            {
              "name": "man",
              "path": "/nix/store/8c0k3zmqxmc790jnq0iy741f0r59skq0-python3.11-pip-24.0-man",
              "default": true
            },
            {
              "name": "dist",
              "path": "/nix/store/qym844p07sk31c62yqj5b980rn9zjqp8-python3.11-pip-24.0-dist"
            }
          ],
          "store_path": "/nix/store/4rlmzs8imw8cnm7zxmb40qcg5zfilywm-python3.11-pip-24.0"
        },
        "aarch64-linux": {
          "outputs": [
            {
              "name": "out",
              "path": "/nix/store/n1878qvhhl7a1238h52syhpyn3vpr9ap-python3.11-pip-24.0",
              "default": true
            },
            {
              "name": "man",
              "path": "/nix/store/l6h3wn620pnsw00b3izh7qkh63v2h2mm-python3.11-pip-24.0-man",
              "default": true
            },
            {
              "name": "dist",
              "path": "/nix/store/9ai3zc1ml1hpl6r5a0wz20j73jzqc19k-python3.11-pip-24.0-dist"
            }
          ],
          "store_path": "/nix/store/n1878qvhhl7a1238h52syhpyn3vpr9ap-python3.11-pip-24.0"
        },
        "x86_64-darwin": {
          "outputs": [
            {
              "name": "out",
              "path": "/nix/store/b4rc80klr5hfjnndmxmzkr2h1ipsc0lw-python3.11-pip-24.0",
              "default": true
            },
            {
              "name": "man",
              "path": "/nix/store/v0m892bw1za9c84sdz7id7lsdqz5gn0m-python3.11-pip-24.0-man",
              "default": true
            },
            {
              "name": "dist",
              "path": "/nix/store/543xg541cyv8azjfr0d4iy1r56bzr7l0-python3.11-pip-24.0-dist"
            }
          ],
          "store_path": "/nix/store/b4rc80klr5hfjnndmxmzkr2h1ipsc0lw-python3.11-pip-24.0"
        },
        "x86_64-linux": {
          "outputs": [
            {
              "name": "out",
              "path": "/nix/store/9hhh5rh3qihyrh0y0wid9xl20i0z5pfq-python3.11-pip-24.0",
              "default": true
            },
            {
              "name": "man",
              "path": "/nix/store/5qlaabn7jli0d2djawr8ld8l6bi8jwwi-python3.11-pip-24.0-man",
              "default": true
            },
            {
              "name": "dist",
              "path": "/nix/store/ifs6g0gvihqkn6kbs91n88hxai1i3jcj-python3.11-pip-24.0-dist"
            }
          ],
          "store_path": "/nix/store/9hhh5rh3qihyrh0y0wid9xl20i0z5pfq-python3.11-pip-24.0"
        }
      }
    },
    "python@3.11": {
      "last_modified": "2025-10-10T13:35:32Z",
      "plugin_version": "0.0.4",
      "resolved": "github:NixOS/nixpkgs/870493f9a8cb0b074ae5b411b2f232015db19a65#python311",
      "source": "devbox-search",
      "version": "3.11.14",
      "systems": {
        "aarch64-darwin": {
          "outputs": [
            {
              "name": "out",
              "path": "/nix/store/r4pwz6r9gg3s8hp7q4lxa3vsc16z7lvf-python3-3.11.14",
              "default": true
            }
          ],
          "store_path": "/nix/store/r4pwz6r9gg3s8hp7q4lxa3vsc16z7lvf-python3-3.11.14"
        },
        "aarch64-linux": {
          "outputs": [
            {
              "name": "out",
              "path": "/nix/store/hywi85qwhxssrh1dlyi45hg3c8k7vpkq-python3-3.11.14",
              "default": true
            },
            {
              "name": "debug",
              "path": "/nix/store/51cn9w1078wr17ma32p9g38aa7kj0x6v-python3-3.11.14-debug"
            }
          ],
          "store_path": "/nix/store/hywi85qwhxssrh1dlyi45hg3c8k7vpkq-python3-3.11.14"
        },
        "x86_64-darwin": {
          "outputs": [
            {
              "name": "out",
              "path": "/nix/store/b6nxrxi3h8s59jpkw4g3hr4wcmy9y21m-python3-3.11.14",
              "default": true
            }
          ],
          "store_path": "/nix/store/b6nxrxi3h8s59jpkw4g3hr4wcmy9y21m-python3-3.11.14"
        },
        "x86_64-linux": {
          "outputs": [
            {
              "name": "out",
              "path": "/nix/store/ddiqchvpb8gq02q00k7rl0mb4izdigv9-python3-3.11.14",
              "default": true
            },
            {
              "name": "debug",
              "path": "/nix/store/jqwy6yn9n0i2qw0ya94g3nbc21ywnz7l-python3-3.11.14-debug"
            }
          ],
          "store_path": "/nix/store/ddiqchvpb8gq02q00k7rl0mb4izdigv9-python3-3.11.14"
        }
      }
    }
  }
}
